{
    "_readme": [
        "This file locks the dependencies of your project to a known state",
        "Read more about it at https://getcomposer.org/doc/01-basic-usage.md#installing-dependencies",
        "This file is @generated automatically"
    ],
    "content-hash": "51d574feb323231638b9794432cd43b4",
    "packages": [
        {
            "name": "filp/whoops",
            "version": "2.7.1",
            "source": {
                "type": "git",
                "url": "https://github.com/filp/whoops.git",
                "reference": "fff6f1e4f36be0e0d0b84d66b413d9dcb0c49130"
            },
            "dist": {
                "type": "zip",
                "url": "https://api.github.com/repos/filp/whoops/zipball/fff6f1e4f36be0e0d0b84d66b413d9dcb0c49130",
                "reference": "fff6f1e4f36be0e0d0b84d66b413d9dcb0c49130",
                "shasum": ""
            },
            "require": {
                "php": "^5.5.9 || ^7.0",
                "psr/log": "^1.0.1"
            },
            "require-dev": {
                "mockery/mockery": "^0.9 || ^1.0",
                "phpunit/phpunit": "^4.8.35 || ^5.7 || ^6.0",
                "symfony/var-dumper": "^2.6 || ^3.0 || ^4.0 || ^5.0"
            },
            "suggest": {
                "symfony/var-dumper": "Pretty print complex values better with var-dumper available",
                "whoops/soap": "Formats errors as SOAP responses"
            },
            "type": "library",
            "extra": {
                "branch-alias": {
                    "dev-master": "2.6-dev"
                }
            },
            "autoload": {
                "psr-4": {
                    "Whoops\\": "src/Whoops/"
                }
            },
            "notification-url": "https://packagist.org/downloads/",
            "license": [
                "MIT"
            ],
            "authors": [
                {
                    "name": "Filipe Dobreira",
                    "homepage": "https://github.com/filp",
                    "role": "Developer"
                }
            ],
            "description": "php error handling for cool kids",
            "homepage": "https://filp.github.io/whoops/",
            "keywords": [
                "error",
                "exception",
                "handling",
                "library",
                "throwable",
                "whoops"
            ],
            "time": "2020-01-15T10:00:00+00:00"
        },
        {
            "name": "jalle19/php-yui-compressor",
            "version": "1.0.1",
            "source": {
                "type": "git",
                "url": "https://github.com/Jalle19/php-yui-compressor.git",
                "reference": "eb88c4f7fd8d7c8bd15a1970611d67cca11f71a0"
            },
            "dist": {
                "type": "zip",
                "url": "https://api.github.com/repos/Jalle19/php-yui-compressor/zipball/eb88c4f7fd8d7c8bd15a1970611d67cca11f71a0",
                "reference": "eb88c4f7fd8d7c8bd15a1970611d67cca11f71a0",
                "shasum": ""
            },
            "require": {
                "nervo/yuicompressor": "2.4.*",
                "php": ">=5.3.0"
            },
            "type": "library",
            "autoload": {
                "psr-0": {
                    "YUI": "lib/"
                }
            },
            "notification-url": "https://packagist.org/downloads/",
            "license": [
                "BSD-2-Clause"
            ],
            "description": "A modern PHP wrapper for the YUI compressor",
            "homepage": "https://github.com/Jalle19/php-yui-compressor",
            "keywords": [
                "JS",
                "css",
                "minify",
                "yui"
            ],
            "time": "2014-06-03T12:02:11+00:00"
        },
        {
            "name": "klein/klein",
            "version": "v2.1.2",
            "source": {
                "type": "git",
                "url": "https://github.com/klein/klein.php.git",
                "reference": "6549676cc831b9417332b3d9485c64bbf7bac728"
            },
            "dist": {
                "type": "zip",
                "url": "https://api.github.com/repos/klein/klein.php/zipball/6549676cc831b9417332b3d9485c64bbf7bac728",
                "reference": "6549676cc831b9417332b3d9485c64bbf7bac728",
                "shasum": ""
            },
            "require": {
                "php": ">=5.3.0"
            },
            "require-dev": {
                "phpunit/php-code-coverage": "^2.2",
                "phpunit/phpunit": "^4.8",
                "squizlabs/php_codesniffer": "1.4.8"
            },
            "type": "library",
            "autoload": {
                "psr-4": {
                    "Klein\\": "src/Klein/"
                }
            },
            "notification-url": "https://packagist.org/downloads/",
            "license": [
                "MIT"
            ],
            "authors": [
                {
                    "name": "Chris O'Hara",
                    "email": "cohara87@gmail.com",
                    "homepage": "http://chris6f.com/",
                    "role": "Creator/Developer"
                },
                {
                    "name": "Trevor Suarez",
                    "email": "rican7@gmail.com",
                    "homepage": "https://trevorsuarez.com/",
                    "role": "Contributor/Developer"
                }
            ],
            "description": "A lightning fast router for PHP",
            "homepage": "https://github.com/klein/klein.php",
            "keywords": [
                "boilerplate",
                "router",
                "routing",
                "sinatra"
            ],
            "time": "2017-02-01T23:08:58+00:00"
        },
        {
            "name": "linkorb/jsmin-php",
            "version": "1.0.0",
            "source": {
                "type": "git",
                "url": "https://github.com/linkorb/jsmin-php.git",
                "reference": "be85d87fc9c27730e7e9ced742b13010dafc1026"
            },
            "dist": {
                "type": "zip",
                "url": "https://api.github.com/repos/linkorb/jsmin-php/zipball/be85d87fc9c27730e7e9ced742b13010dafc1026",
                "reference": "be85d87fc9c27730e7e9ced742b13010dafc1026",
                "shasum": ""
            },
            "require": {
                "php": ">=5.0.0"
            },
            "type": "library",
            "autoload": {
                "classmap": [
                    "src/"
                ]
            },
            "notification-url": "https://packagist.org/downloads/",
            "license": [
                "MIT"
            ],
            "authors": [
                {
                    "name": "Joost Faassen",
                    "email": "j.faassen@linkorb.com",
                    "role": "Packaging for Composer"
                },
                {
                    "name": "Ryan Grove",
                    "email": "ryan@wonko.com",
                    "role": "PHP port"
                },
                {
                    "name": "Adam Gofort",
                    "email": "aag@adamgoforth.com",
                    "role": "Updates to the PHP port"
                },
                {
                    "name": "Douglas Crockford",
                    "email": "douglas@crockford.com"
                }
            ],
            "description": "Unofficial package of jsmin-php",
            "homepage": "http://www.github.com/linkorb/jsmin-php",
            "keywords": [
                "javascript",
                "jsmin",
                "minify"
            ],
            "time": "2013-03-15T13:16:35+00:00"
        },
        {
            "name": "matthiasmullie/minify",
            "version": "1.3.63",
            "source": {
                "type": "git",
                "url": "https://github.com/matthiasmullie/minify.git",
                "reference": "9ba1b459828adc13430f4dd6c49dae4950dc4117"
            },
            "dist": {
                "type": "zip",
                "url": "https://api.github.com/repos/matthiasmullie/minify/zipball/9ba1b459828adc13430f4dd6c49dae4950dc4117",
                "reference": "9ba1b459828adc13430f4dd6c49dae4950dc4117",
                "shasum": ""
            },
            "require": {
                "ext-pcre": "*",
                "matthiasmullie/path-converter": "~1.1",
                "php": ">=5.3.0"
            },
            "require-dev": {
                "friendsofphp/php-cs-fixer": "~2.0",
                "matthiasmullie/scrapbook": "~1.0",
                "phpunit/phpunit": "~4.8"
            },
            "suggest": {
                "psr/cache-implementation": "Cache implementation to use with Minify::cache"
            },
            "bin": [
                "bin/minifycss",
                "bin/minifyjs"
            ],
            "type": "library",
            "autoload": {
                "psr-4": {
                    "MatthiasMullie\\Minify\\": "src/"
                }
            },
            "notification-url": "https://packagist.org/downloads/",
            "license": [
                "MIT"
            ],
            "authors": [
                {
                    "name": "Matthias Mullie",
                    "email": "minify@mullie.eu",
                    "homepage": "http://www.mullie.eu",
                    "role": "Developer"
                }
            ],
            "description": "CSS & JavaScript minifier, in PHP. Removes whitespace, strips comments, combines files (incl. @import statements and small assets in CSS files), and optimizes/shortens a few common programming patterns.",
            "homepage": "http://www.minifier.org",
            "keywords": [
                "JS",
                "css",
                "javascript",
                "minifier",
                "minify"
            ],
            "time": "2020-01-21T20:21:08+00:00"
        },
        {
            "name": "matthiasmullie/path-converter",
            "version": "1.1.3",
            "source": {
                "type": "git",
                "url": "https://github.com/matthiasmullie/path-converter.git",
                "reference": "e7d13b2c7e2f2268e1424aaed02085518afa02d9"
            },
            "dist": {
                "type": "zip",
                "url": "https://api.github.com/repos/matthiasmullie/path-converter/zipball/e7d13b2c7e2f2268e1424aaed02085518afa02d9",
                "reference": "e7d13b2c7e2f2268e1424aaed02085518afa02d9",
                "shasum": ""
            },
            "require": {
                "ext-pcre": "*",
                "php": ">=5.3.0"
            },
            "require-dev": {
                "phpunit/phpunit": "~4.8"
            },
            "type": "library",
            "autoload": {
                "psr-4": {
                    "MatthiasMullie\\PathConverter\\": "src/"
                }
            },
            "notification-url": "https://packagist.org/downloads/",
            "license": [
                "MIT"
            ],
            "authors": [
                {
                    "name": "Matthias Mullie",
                    "email": "pathconverter@mullie.eu",
                    "homepage": "http://www.mullie.eu",
                    "role": "Developer"
                }
            ],
            "description": "Relative path converter",
            "homepage": "http://github.com/matthiasmullie/path-converter",
            "keywords": [
                "converter",
                "path",
                "paths",
                "relative"
            ],
            "time": "2019-02-05T23:41:09+00:00"
        },
        {
            "name": "meenie/javascript-packer",
            "version": "1.1",
            "source": {
                "type": "git",
                "url": "https://github.com/meenie/javascript-packer.git",
                "reference": "dcab0159ae1ed9d7535c034fb8afe1e4c3495d22"
            },
            "dist": {
                "type": "zip",
                "url": "https://api.github.com/repos/meenie/javascript-packer/zipball/dcab0159ae1ed9d7535c034fb8afe1e4c3495d22",
                "reference": "dcab0159ae1ed9d7535c034fb8afe1e4c3495d22",
                "shasum": ""
            },
            "type": "library",
            "autoload": {
                "files": [
                    "class.JavaScriptPacker.php"
                ]
            },
            "notification-url": "https://packagist.org/downloads/",
            "license": [
                "LGPL 2.1"
            ],
            "authors": [
                {
                    "name": "Nicolas Martin",
                    "role": "Developer"
                }
            ],
            "description": "Composer hosted mirror of the PHP Version of Dean Edwards' JavaScript Packer",
            "homepage": "http://joliclic.free.fr/php/javascript-packer/en/",
            "keywords": [
                "javascript packer"
            ],
            "time": "2013-03-25T21:54:33+00:00"
        },
        {
            "name": "monolog/monolog",
            "version": "1.25.3",
            "source": {
                "type": "git",
                "url": "https://github.com/Seldaek/monolog.git",
                "reference": "fa82921994db851a8becaf3787a9e73c5976b6f1"
            },
            "dist": {
                "type": "zip",
                "url": "https://api.github.com/repos/Seldaek/monolog/zipball/fa82921994db851a8becaf3787a9e73c5976b6f1",
                "reference": "fa82921994db851a8becaf3787a9e73c5976b6f1",
                "shasum": ""
            },
            "require": {
                "php": ">=5.3.0",
                "psr/log": "~1.0"
            },
            "provide": {
                "psr/log-implementation": "1.0.0"
            },
            "require-dev": {
                "aws/aws-sdk-php": "^2.4.9 || ^3.0",
                "doctrine/couchdb": "~1.0@dev",
                "graylog2/gelf-php": "~1.0",
                "jakub-onderka/php-parallel-lint": "0.9",
                "php-amqplib/php-amqplib": "~2.4",
                "php-console/php-console": "^3.1.3",
                "phpunit/phpunit": "~4.5",
                "phpunit/phpunit-mock-objects": "2.3.0",
                "ruflin/elastica": ">=0.90 <3.0",
                "sentry/sentry": "^0.13",
                "swiftmailer/swiftmailer": "^5.3|^6.0"
            },
            "suggest": {
                "aws/aws-sdk-php": "Allow sending log messages to AWS services like DynamoDB",
                "doctrine/couchdb": "Allow sending log messages to a CouchDB server",
                "ext-amqp": "Allow sending log messages to an AMQP server (1.0+ required)",
                "ext-mongo": "Allow sending log messages to a MongoDB server",
                "graylog2/gelf-php": "Allow sending log messages to a GrayLog2 server",
                "mongodb/mongodb": "Allow sending log messages to a MongoDB server via PHP Driver",
                "php-amqplib/php-amqplib": "Allow sending log messages to an AMQP server using php-amqplib",
                "php-console/php-console": "Allow sending log messages to Google Chrome",
                "rollbar/rollbar": "Allow sending log messages to Rollbar",
                "ruflin/elastica": "Allow sending log messages to an Elastic Search server",
                "sentry/sentry": "Allow sending log messages to a Sentry server"
            },
            "type": "library",
            "extra": {
                "branch-alias": {
                    "dev-master": "2.0.x-dev"
                }
            },
            "autoload": {
                "psr-4": {
                    "Monolog\\": "src/Monolog"
                }
            },
            "notification-url": "https://packagist.org/downloads/",
            "license": [
                "MIT"
            ],
            "authors": [
                {
                    "name": "Jordi Boggiano",
                    "email": "j.boggiano@seld.be",
                    "homepage": "http://seld.be"
                }
            ],
            "description": "Sends your logs to files, sockets, inboxes, databases and various web services",
            "homepage": "http://github.com/Seldaek/monolog",
            "keywords": [
                "log",
                "logging",
                "psr-3"
            ],
            "time": "2019-12-20T14:15:16+00:00"
        },
        {
            "name": "natxet/cssmin",
            "version": "v3.0.6",
            "source": {
                "type": "git",
                "url": "https://github.com/natxet/CssMin.git",
                "reference": "d5d9f4c3e5cedb1ae96a95a21731f8790e38f1dd"
            },
            "dist": {
                "type": "zip",
                "url": "https://api.github.com/repos/natxet/CssMin/zipball/d5d9f4c3e5cedb1ae96a95a21731f8790e38f1dd",
                "reference": "d5d9f4c3e5cedb1ae96a95a21731f8790e38f1dd",
                "shasum": ""
            },
            "require": {
                "php": ">=5.0"
            },
            "type": "library",
            "extra": {
                "branch-alias": {
                    "dev-master": "3.0-dev"
                }
            },
            "autoload": {
                "classmap": [
                    "src/"
                ]
            },
            "notification-url": "https://packagist.org/downloads/",
            "license": [
                "MIT"
            ],
            "authors": [
                {
                    "name": "Joe Scylla",
                    "email": "joe.scylla@gmail.com",
                    "homepage": "https://profiles.google.com/joe.scylla"
                }
            ],
            "description": "Minifying CSS",
            "homepage": "http://code.google.com/p/cssmin/",
            "keywords": [
                "css",
                "minify"
            ],
            "time": "2018-01-09T11:15:01+00:00"
        },
        {
            "name": "nervo/yuicompressor",
            "version": "2.4.8",
            "source": {
                "type": "git",
                "url": "https://github.com/nervo/yuicompressor.git",
                "reference": "e6e3b215c3998cf6092613c002ae533ae75d7ada"
            },
            "dist": {
                "type": "zip",
                "url": "https://api.github.com/repos/nervo/yuicompressor/zipball/e6e3b215c3998cf6092613c002ae533ae75d7ada",
                "reference": "e6e3b215c3998cf6092613c002ae533ae75d7ada",
                "shasum": ""
            },
            "type": "library",
            "notification-url": "https://packagist.org/downloads/",
            "license": [
                "BSD"
            ],
            "description": "YUI Compressor is an open source tool that supports the compression of both JavaScript and CSS files. The JavaScript compression removes comments and white-spaces as well as obfuscates local variables using the smallest possible variable name. CSS compression is done using a regular-expression-based CSS minifier.",
            "homepage": "https://github.com/yui/yuicompressor",
            "keywords": [
                "java",
                "yui"
            ],
            "time": "2013-09-13T10:26:14+00:00"
        },
        {
            "name": "nochso/html-compress-twig",
            "version": "2.0.1",
            "source": {
                "type": "git",
                "url": "https://github.com/nochso/html-compress-twig.git",
                "reference": "56d658cebf2852ed455c5af0ee2196037acb2581"
            },
            "dist": {
                "type": "zip",
                "url": "https://api.github.com/repos/nochso/html-compress-twig/zipball/56d658cebf2852ed455c5af0ee2196037acb2581",
                "reference": "56d658cebf2852ed455c5af0ee2196037acb2581",
                "shasum": ""
            },
            "require": {
                "twig/twig": "^1.26 || ^2.0",
                "wyrihaximus/html-compress": "^1.1"
            },
            "require-dev": {
                "phpunit/phpunit": "^5.0"
            },
            "type": "library",
            "autoload": {
                "psr-4": {
                    "nochso\\HtmlCompressTwig\\": "src/"
                }
            },
            "notification-url": "https://packagist.org/downloads/",
            "license": [
                "ISC"
            ],
            "authors": [
                {
                    "name": "Marcel Voigt",
                    "email": "mv@noch.so"
                }
            ],
            "description": "Twig extension for compressing HTML and inline CSS/Javascript",
            "keywords": [
                "compress",
                "css",
                "extension",
                "html",
                "javascript",
                "minify",
                "twig"
            ],
            "time": "2017-02-06T17:52:16+00:00"
        },
        {
            "name": "patchwork/jsqueeze",
            "version": "v2.0.5",
            "source": {
                "type": "git",
                "url": "https://github.com/tchwork/jsqueeze.git",
                "reference": "693d64850eab2ce6a7c8f7cf547e1ab46e69d542"
            },
            "dist": {
                "type": "zip",
                "url": "https://api.github.com/repos/tchwork/jsqueeze/zipball/693d64850eab2ce6a7c8f7cf547e1ab46e69d542",
                "reference": "693d64850eab2ce6a7c8f7cf547e1ab46e69d542",
                "shasum": ""
            },
            "require": {
                "php": ">=5.3.0"
            },
            "type": "library",
            "extra": {
                "branch-alias": {
                    "dev-master": "2.0-dev"
                }
            },
            "autoload": {
                "psr-4": {
                    "Patchwork\\": "src/"
                }
            },
            "notification-url": "https://packagist.org/downloads/",
            "license": [
                "(Apache-2.0 or GPL-2.0)"
            ],
            "authors": [
                {
                    "name": "Nicolas Grekas",
                    "email": "p@tchwork.com"
                }
            ],
            "description": "Efficient JavaScript minification in PHP",
            "homepage": "https://github.com/tchwork/jsqueeze",
            "keywords": [
                "compression",
                "javascript",
                "minification"
            ],
            "time": "2016-04-19T09:28:22+00:00"
        },
        {
            "name": "psr/log",
            "version": "1.1.3",
            "source": {
                "type": "git",
                "url": "https://github.com/php-fig/log.git",
                "reference": "0f73288fd15629204f9d42b7055f72dacbe811fc"
            },
            "dist": {
                "type": "zip",
                "url": "https://api.github.com/repos/php-fig/log/zipball/0f73288fd15629204f9d42b7055f72dacbe811fc",
                "reference": "0f73288fd15629204f9d42b7055f72dacbe811fc",
                "shasum": ""
            },
            "require": {
                "php": ">=5.3.0"
            },
            "type": "library",
            "extra": {
                "branch-alias": {
                    "dev-master": "1.1.x-dev"
                }
            },
            "autoload": {
                "psr-4": {
                    "Psr\\Log\\": "Psr/Log/"
                }
            },
            "notification-url": "https://packagist.org/downloads/",
            "license": [
                "MIT"
            ],
            "authors": [
                {
                    "name": "PHP-FIG",
                    "homepage": "http://www.php-fig.org/"
                }
            ],
            "description": "Common interface for logging libraries",
            "homepage": "https://github.com/php-fig/log",
            "keywords": [
                "log",
                "psr",
                "psr-3"
            ],
            "time": "2020-03-23T09:12:05+00:00"
        },
        {
            "name": "symfony/polyfill-ctype",
            "version": "v1.15.0",
            "source": {
                "type": "git",
                "url": "https://github.com/symfony/polyfill-ctype.git",
                "reference": "4719fa9c18b0464d399f1a63bf624b42b6fa8d14"
            },
            "dist": {
                "type": "zip",
                "url": "https://api.github.com/repos/symfony/polyfill-ctype/zipball/4719fa9c18b0464d399f1a63bf624b42b6fa8d14",
                "reference": "4719fa9c18b0464d399f1a63bf624b42b6fa8d14",
                "shasum": ""
            },
            "require": {
                "php": ">=5.3.3"
            },
            "suggest": {
                "ext-ctype": "For best performance"
            },
            "type": "library",
            "extra": {
                "branch-alias": {
                    "dev-master": "1.15-dev"
                }
            },
            "autoload": {
                "psr-4": {
                    "Symfony\\Polyfill\\Ctype\\": ""
                },
                "files": [
                    "bootstrap.php"
                ]
            },
            "notification-url": "https://packagist.org/downloads/",
            "license": [
                "MIT"
            ],
            "authors": [
                {
                    "name": "Gert de Pagter",
                    "email": "BackEndTea@gmail.com"
                },
                {
                    "name": "Symfony Community",
                    "homepage": "https://symfony.com/contributors"
                }
            ],
            "description": "Symfony polyfill for ctype functions",
            "homepage": "https://symfony.com",
            "keywords": [
                "compatibility",
                "ctype",
                "polyfill",
                "portable"
            ],
            "time": "2020-02-27T09:26:54+00:00"
        },
        {
            "name": "symfony/polyfill-mbstring",
            "version": "v1.15.0",
            "source": {
                "type": "git",
                "url": "https://github.com/symfony/polyfill-mbstring.git",
                "reference": "81ffd3a9c6d707be22e3012b827de1c9775fc5ac"
            },
            "dist": {
                "type": "zip",
                "url": "https://api.github.com/repos/symfony/polyfill-mbstring/zipball/81ffd3a9c6d707be22e3012b827de1c9775fc5ac",
                "reference": "81ffd3a9c6d707be22e3012b827de1c9775fc5ac",
                "shasum": ""
            },
            "require": {
                "php": ">=5.3.3"
            },
            "suggest": {
                "ext-mbstring": "For best performance"
            },
            "type": "library",
            "extra": {
                "branch-alias": {
                    "dev-master": "1.15-dev"
                }
            },
            "autoload": {
                "psr-4": {
                    "Symfony\\Polyfill\\Mbstring\\": ""
                },
                "files": [
                    "bootstrap.php"
                ]
            },
            "notification-url": "https://packagist.org/downloads/",
            "license": [
                "MIT"
            ],
            "authors": [
                {
                    "name": "Nicolas Grekas",
                    "email": "p@tchwork.com"
                },
                {
                    "name": "Symfony Community",
                    "homepage": "https://symfony.com/contributors"
                }
            ],
            "description": "Symfony polyfill for the Mbstring extension",
            "homepage": "https://symfony.com",
            "keywords": [
                "compatibility",
                "mbstring",
                "polyfill",
                "portable",
                "shim"
            ],
            "time": "2020-03-09T19:04:49+00:00"
        },
        {
            "name": "tedivm/jshrink",
            "version": "v1.3.3",
            "source": {
                "type": "git",
                "url": "https://github.com/tedious/JShrink.git",
                "reference": "566e0c731ba4e372be2de429ef7d54f4faf4477a"
            },
            "dist": {
                "type": "zip",
                "url": "https://api.github.com/repos/tedious/JShrink/zipball/566e0c731ba4e372be2de429ef7d54f4faf4477a",
                "reference": "566e0c731ba4e372be2de429ef7d54f4faf4477a",
                "shasum": ""
            },
            "require": {
                "php": "^5.6|^7.0"
            },
            "require-dev": {
                "friendsofphp/php-cs-fixer": "^2.8",
                "php-coveralls/php-coveralls": "^1.1.0",
                "phpunit/phpunit": "^6"
            },
            "type": "library",
            "autoload": {
                "psr-0": {
                    "JShrink": "src/"
                }
            },
            "notification-url": "https://packagist.org/downloads/",
            "license": [
                "BSD-3-Clause"
            ],
            "authors": [
                {
                    "name": "Robert Hafner",
                    "email": "tedivm@tedivm.com"
                }
            ],
            "description": "Javascript Minifier built in PHP",
            "homepage": "http://github.com/tedious/JShrink",
            "keywords": [
                "javascript",
                "minifier"
            ],
            "time": "2019-06-28T18:11:46+00:00"
        },
        {
            "name": "twig/twig",
            "version": "v2.12.5",
            "source": {
                "type": "git",
                "url": "https://github.com/twigphp/Twig.git",
                "reference": "18772e0190734944277ee97a02a9a6c6555fcd94"
            },
            "dist": {
                "type": "zip",
                "url": "https://api.github.com/repos/twigphp/Twig/zipball/18772e0190734944277ee97a02a9a6c6555fcd94",
                "reference": "18772e0190734944277ee97a02a9a6c6555fcd94",
                "shasum": ""
            },
            "require": {
                "php": "^7.0",
                "symfony/polyfill-ctype": "^1.8",
                "symfony/polyfill-mbstring": "^1.3"
            },
            "require-dev": {
                "psr/container": "^1.0",
                "symfony/phpunit-bridge": "^4.4|^5.0"
            },
            "type": "library",
            "extra": {
                "branch-alias": {
                    "dev-master": "2.12-dev"
                }
            },
            "autoload": {
                "psr-0": {
                    "Twig_": "lib/"
                },
                "psr-4": {
                    "Twig\\": "src/"
                }
            },
            "notification-url": "https://packagist.org/downloads/",
            "license": [
                "BSD-3-Clause"
            ],
            "authors": [
                {
                    "name": "Fabien Potencier",
                    "email": "fabien@symfony.com",
                    "homepage": "http://fabien.potencier.org",
                    "role": "Lead Developer"
                },
                {
                    "name": "Twig Team",
                    "role": "Contributors"
                },
                {
                    "name": "Armin Ronacher",
                    "email": "armin.ronacher@active-4.com",
                    "role": "Project Founder"
                }
            ],
            "description": "Twig, the flexible, fast, and secure template language for PHP",
            "homepage": "https://twig.symfony.com",
            "keywords": [
                "templating"
            ],
            "time": "2020-02-11T15:31:23+00:00"
        },
        {
            "name": "vlucas/phpdotenv",
            "version": "v2.6.3",
            "source": {
                "type": "git",
                "url": "https://github.com/vlucas/phpdotenv.git",
                "reference": "df4c4d08a639be4ef5d6d1322868f9e477553679"
            },
            "dist": {
                "type": "zip",
                "url": "https://api.github.com/repos/vlucas/phpdotenv/zipball/df4c4d08a639be4ef5d6d1322868f9e477553679",
                "reference": "df4c4d08a639be4ef5d6d1322868f9e477553679",
                "shasum": ""
            },
            "require": {
                "php": ">=5.3.9",
                "symfony/polyfill-ctype": "^1.9"
            },
            "require-dev": {
                "ext-filter": "*",
                "ext-pcre": "*",
                "phpunit/phpunit": "^4.8.35 || ^5.0"
            },
            "suggest": {
                "ext-filter": "Required to use the boolean validator.",
                "ext-pcre": "Required to use most of the library."
            },
            "type": "library",
            "extra": {
                "branch-alias": {
                    "dev-master": "2.6-dev"
                }
            },
            "autoload": {
                "psr-4": {
                    "Dotenv\\": "src/"
                }
            },
            "notification-url": "https://packagist.org/downloads/",
            "license": [
                "BSD-3-Clause"
            ],
            "authors": [
                {
                    "name": "Vance Lucas",
                    "email": "vance@vancelucas.com",
                    "homepage": "http://www.vancelucas.com"
                }
            ],
            "description": "Loads environment variables from `.env` to `getenv()`, `$_ENV` and `$_SERVER` automagically.",
            "keywords": [
                "dotenv",
                "env",
                "environment"
            ],
            "time": "2020-04-12T15:11:38+00:00"
        },
        {
            "name": "websharks/css-minifier",
            "version": "150820",
            "source": {
                "type": "git",
                "url": "https://github.com/websharks/css-minifier.git",
                "reference": "da1d0254c41e1f59c7337aa444d743e6056046ff"
            },
            "dist": {
                "type": "zip",
                "url": "https://api.github.com/repos/websharks/css-minifier/zipball/da1d0254c41e1f59c7337aa444d743e6056046ff",
                "reference": "da1d0254c41e1f59c7337aa444d743e6056046ff",
                "shasum": ""
            },
            "require": {
                "ext-mbstring": "*",
                "php": ">=5.3"
            },
            "type": "library",
            "autoload": {
                "psr-4": {
                    "WebSharks\\CssMinifier\\": "src/includes/classes"
                }
            },
            "notification-url": "https://packagist.org/downloads/",
            "license": [
                "GPL-3.0+"
            ],
            "authors": [
                {
                    "name": "websharks",
                    "homepage": "http://websharks-inc.com/",
                    "role": "company"
                },
                {
                    "name": "jaswsinc",
                    "homepage": "http://jaswsinc.com/",
                    "role": "developer"
                },
                {
                    "name": "raamdev",
                    "homepage": "http://raam.org/",
                    "role": "developer"
                }
            ],
            "description": "Compresses CSS.",
            "homepage": "https://github.com/websharks/css-minifier",
            "keywords": [
                "compressor",
                "css",
                "websharks"
            ],
            "time": "2015-08-21T03:19:25+00:00"
        },
        {
            "name": "wyrihaximus/html-compress",
            "version": "1.4.0",
            "source": {
                "type": "git",
                "url": "https://github.com/WyriHaximus/HtmlCompress.git",
                "reference": "0c2207ceaa711b93e1d33551cbb7b1ba6cd1e975"
            },
            "dist": {
                "type": "zip",
                "url": "https://api.github.com/repos/WyriHaximus/HtmlCompress/zipball/0c2207ceaa711b93e1d33551cbb7b1ba6cd1e975",
                "reference": "0c2207ceaa711b93e1d33551cbb7b1ba6cd1e975",
                "shasum": ""
            },
            "require": {
                "jalle19/php-yui-compressor": "^1.0",
                "linkorb/jsmin-php": "1.0.0",
                "matthiasmullie/minify": "^1.3",
                "meenie/javascript-packer": "1.1",
                "natxet/cssmin": "^3.0",
                "patchwork/jsqueeze": "~1.0|~2.0",
                "php": "^7.0 || ^5.6",
                "tedivm/jshrink": "^1.3",
                "websharks/css-minifier": "150820"
            },
            "require-dev": {
                "phake/phake": "^1.0",
                "phpunit/phpunit": "^4.0",
                "squizlabs/php_codesniffer": "^1.0",
                "vectorface/dunit": "^2.0"
            },
            "type": "library",
            "autoload": {
                "psr-4": {
                    "WyriHaximus\\HtmlCompress\\": "src/"
                }
            },
            "notification-url": "https://packagist.org/downloads/",
            "license": [
                "MIT"
            ],
            "authors": [
                {
                    "name": "Cees-Jan Kiewiet",
                    "email": "ceesjank@gmail.com",
                    "homepage": "http://wyrihaximus.net/"
                }
            ],
            "description": "Compress/minify your HTML",
            "keywords": [
                "compress",
                "html"
            ],
            "time": "2018-01-03T21:15:44+00:00"
        }
    ],
    "packages-dev": [],
    "aliases": [],
    "minimum-stability": "stable",
    "stability-flags": [],
    "prefer-stable": false,
    "prefer-lowest": false,
    "platform": [],
    "platform-dev": [],
    "plugin-api-version": "1.1.0"
}
